
Microsoft Visual Studio Solution File, Format Version 12.00
# Visual Studio Version 17
VisualStudioVersion = 17.6.33815.320
MinimumVisualStudioVersion = 10.0.40219.1
Project("{FAE04EC0-301F-11D3-BF4B-00C04F79EFBC}") = "Lab08-Phil’sLendingLibrary", "Lab08-Phil’sLendingLibrary\Lab08-Phil’sLendingLibrary.csproj", "{1BED8B7B-D053-48DB-87F2-00C3B05BD145}"
EndProject
Project("{FAE04EC0-301F-11D3-BF4B-00C04F79EFBC}") = "testLibrary-LAB08", "testLibrary-LAB08\testLibrary-LAB08.csproj", "{D440853B-2E08-4977-82AF-3BE94BCC79BA}"
EndProject
Global
	GlobalSection(SolutionConfigurationPlatforms) = preSolution
		Debug|Any CPU = Debug|Any CPU
		Release|Any CPU = Release|Any CPU
	EndGlobalSection
	GlobalSection(ProjectConfigurationPlatforms) = postSolution
		{1BED8B7B-D053-48DB-87F2-00C3B05BD145}.Debug|Any CPU.ActiveCfg = Debug|Any CPU
		{1BED8B7B-D053-48DB-87F2-00C3B05BD145}.Debug|Any CPU.Build.0 = Debug|Any CPU
		{1BED8B7B-D053-48DB-87F2-00C3B05BD145}.Release|Any CPU.ActiveCfg = Release|Any CPU
		{1BED8B7B-D053-48DB-87F2-00C3B05BD145}.Release|Any CPU.Build.0 = Release|Any CPU
		{D440853B-2E08-4977-82AF-3BE94BCC79BA}.Debug|Any CPU.ActiveCfg = Debug|Any CPU
		{D440853B-2E08-4977-82AF-3BE94BCC79BA}.Debug|Any CPU.Build.0 = Debug|Any CPU
		{D440853B-2E08-4977-82AF-3BE94BCC79BA}.Release|Any CPU.ActiveCfg = Release|Any CPU
		{D440853B-2E08-4977-82AF-3BE94BCC79BA}.Release|Any CPU.Build.0 = Release|Any CPU
	EndGlobalSection
	GlobalSection(SolutionProperties) = preSolution
		HideSolutionNode = FALSE
	EndGlobalSection
	GlobalSection(ExtensibilityGlobals) = postSolution
		SolutionGuid = {B1045F37-13CF-4E8F-9ABE-0675A02B534C}
	EndGlobalSection
EndGlobal
